// !$*UTF8*$!
{
	archiveVersion = 1;
	classes = {
	};
	objectVersion = 63;
	objects = {

/* Begin PBXBuildFile section */
		2D04CB1F2C1B4EFF0054FC13 /* Tip_ProApp.swift in Sources */ = {isa = PBXBuildFile; fileRef = 2D04CB1E2C1B4EFF0054FC13 /* Tip_ProApp.swift */; };
		2D04CB212C1B4EFF0054FC13 /* ContentView.swift in Sources */ = {isa = PBXBuildFile; fileRef = 2D04CB202C1B4EFF0054FC13 /* ContentView.swift */; };
		2D04CB232C1B4F000054FC13 /* Assets.xcassets in Resources */ = {isa = PBXBuildFile; fileRef = 2D04CB222C1B4F000054FC13 /* Assets.xcassets */; };
		2D04CB262C1B4F000054FC13 /* Preview Assets.xcassets in Resources */ = {isa = PBXBuildFile; fileRef = 2D04CB252C1B4F000054FC13 /* Preview Assets.xcassets */; };
		2D04CB302C1B4F000054FC13 /* Tip_ProTests.swift in Sources */ = {isa = PBXBuildFile; fileRef = 2D04CB2F2C1B4F000054FC13 /* Tip_ProTests.swift */; };
		2D04CB3A2C1B4F000054FC13 /* Tip_ProUITests.swift in Sources */ = {isa = PBXBuildFile; fileRef = 2D04CB392C1B4F000054FC13 /* Tip_ProUITests.swift */; };
		2D04CB3C2C1B4F000054FC13 /* Tip_ProUITestsLaunchTests.swift in Sources */ = {isa = PBXBuildFile; fileRef = 2D04CB3B2C1B4F000054FC13 /* Tip_ProUITestsLaunchTests.swift */; };
		2D04CB492C1B508C0054FC13 /* Calculation.swift in Sources */ = {isa = PBXBuildFile; fileRef = 2D04CB482C1B508C0054FC13 /* Calculation.swift */; };
		2D04CB4C2C1BA3E30054FC13 /* Privacy Policy.md in Resources */ = {isa = PBXBuildFile; fileRef = 2D04CB4B2C1BA3E30054FC13 /* Privacy Policy.md */; };
/* End PBXBuildFile section */

/* Begin PBXContainerItemProxy section */
		2D04CB2C2C1B4F000054FC13 /* PBXContainerItemProxy */ = {
			isa = PBXContainerItemProxy;
			containerPortal = 2D04CB132C1B4EFF0054FC13 /* Project object */;
			proxyType = 1;
			remoteGlobalIDString = 2D04CB1A2C1B4EFF0054FC13;
			remoteInfo = "Tip Pro";
		};
		2D04CB362C1B4F000054FC13 /* PBXContainerItemProxy */ = {
			isa = PBXContainerItemProxy;
			containerPortal = 2D04CB132C1B4EFF0054FC13 /* Project object */;
			proxyType = 1;
			remoteGlobalIDString = 2D04CB1A2C1B4EFF0054FC13;
			remoteInfo = "Tip Pro";
		};
/* End PBXContainerItemProxy section */

/* Begin PBXFileReference section */
		2D04CB1B2C1B4EFF0054FC13 /* Tip Pro.app */ = {isa = PBXFileReference; explicitFileType = wrapper.application; includeInIndex = 0; path = "Tip Pro.app"; sourceTree = BUILT_PRODUCTS_DIR; };
		2D04CB1E2C1B4EFF0054FC13 /* Tip_ProApp.swift */ = {isa = PBXFileReference; lastKnownFileType = sourcecode.swift; path = Tip_ProApp.swift; sourceTree = "<group>"; };
		2D04CB202C1B4EFF0054FC13 /* ContentView.swift */ = {isa = PBXFileReference; lastKnownFileType = sourcecode.swift; path = ContentView.swift; sourceTree = "<group>"; };
		2D04CB222C1B4F000054FC13 /* Assets.xcassets */ = {isa = PBXFileReference; lastKnownFileType = folder.assetcatalog; path = Assets.xcassets; sourceTree = "<group>"; };
		2D04CB252C1B4F000054FC13 /* Preview Assets.xcassets */ = {isa = PBXFileReference; lastKnownFileType = folder.assetcatalog; path = "Preview Assets.xcassets"; sourceTree = "<group>"; };
		2D04CB2B2C1B4F000054FC13 /* Tip ProTests.xctest */ = {isa = PBXFileReference; explicitFileType = wrapper.cfbundle; includeInIndex = 0; path = "Tip ProTests.xctest"; sourceTree = BUILT_PRODUCTS_DIR; };
		2D04CB2F2C1B4F000054FC13 /* Tip_ProTests.swift */ = {isa = PBXFileReference; lastKnownFileType = sourcecode.swift; path = Tip_ProTests.swift; sourceTree = "<group>"; };
		2D04CB352C1B4F000054FC13 /* Tip ProUITests.xctest */ = {isa = PBXFileReference; explicitFileType = wrapper.cfbundle; includeInIndex = 0; path = "Tip ProUITests.xctest"; sourceTree = BUILT_PRODUCTS_DIR; };
		2D04CB392C1B4F000054FC13 /* Tip_ProUITests.swift */ = {isa = PBXFileReference; lastKnownFileType = sourcecode.swift; path = Tip_ProUITests.swift; sourceTree = "<group>"; };
		2D04CB3B2C1B4F000054FC13 /* Tip_ProUITestsLaunchTests.swift */ = {isa = PBXFileReference; lastKnownFileType = sourcecode.swift; path = Tip_ProUITestsLaunchTests.swift; sourceTree = "<group>"; };
		2D04CB482C1B508C0054FC13 /* Calculation.swift */ = {isa = PBXFileReference; lastKnownFileType = sourcecode.swift; path = Calculation.swift; sourceTree = "<group>"; };
		2D04CB4A2C1BA3B60054FC13 /* README.md */ = {isa = PBXFileReference; lastKnownFileType = net.daringfireball.markdown; path = README.md; sourceTree = "<group>"; };
		2D04CB4B2C1BA3E30054FC13 /* Privacy Policy.md */ = {isa = PBXFileReference; lastKnownFileType = net.daringfireball.markdown; path = "Privacy Policy.md"; sourceTree = "<group>"; };
/* End PBXFileReference section */

/* Begin PBXFrameworksBuildPhase section */
		2D04CB182C1B4EFF0054FC13 /* Frameworks */ = {
			isa = PBXFrameworksBuildPhase;
			buildActionMask = 2147483647;
			files = (
			);
			runOnlyForDeploymentPostprocessing = 0;
		};
		2D04CB282C1B4F000054FC13 /* Frameworks */ = {
			isa = PBXFrameworksBuildPhase;
			buildActionMask = 2147483647;
			files = (
			);
			runOnlyForDeploymentPostprocessing = 0;
		};
		2D04CB322C1B4F000054FC13 /* Frameworks */ = {
			isa = PBXFrameworksBuildPhase;
			buildActionMask = 2147483647;
			files = (
			);
			runOnlyForDeploymentPostprocessing = 0;
		};
/* End PBXFrameworksBuildPhase section */

/* Begin PBXGroup section */
		2D04CB122C1B4EFF0054FC13 = {
			isa = PBXGroup;
			children = (
				2D04CB4B2C1BA3E30054FC13 /* Privacy Policy.md */,
				2D04CB4A2C1BA3B60054FC13 /* README.md */,
				2D04CB1D2C1B4EFF0054FC13 /* Tip Pro */,
				2D04CB2E2C1B4F000054FC13 /* Tip ProTests */,
				2D04CB382C1B4F000054FC13 /* Tip ProUITests */,
				2D04CB1C2C1B4EFF0054FC13 /* Products */,
			);
			sourceTree = "<group>";
		};
		2D04CB1C2C1B4EFF0054FC13 /* Products */ = {
			isa = PBXGroup;
			children = (
				2D04CB1B2C1B4EFF0054FC13 /* Tip Pro.app */,
				2D04CB2B2C1B4F000054FC13 /* Tip ProTests.xctest */,
				2D04CB352C1B4F000054FC13 /* Tip ProUITests.xctest */,
			);
			name = Products;
			sourceTree = "<group>";
		};
		2D04CB1D2C1B4EFF0054FC13 /* Tip Pro */ = {
			isa = PBXGroup;
			children = (
				2D04CB1E2C1B4EFF0054FC13 /* Tip_ProApp.swift */,
				2D04CB202C1B4EFF0054FC13 /* ContentView.swift */,
				2D04CB482C1B508C0054FC13 /* Calculation.swift */,
				2D04CB222C1B4F000054FC13 /* Assets.xcassets */,
				2D04CB242C1B4F000054FC13 /* Preview Content */,
			);
			path = "Tip Pro";
			sourceTree = "<group>";
		};
		2D04CB242C1B4F000054FC13 /* Preview Content */ = {
			isa = PBXGroup;
			children = (
				2D04CB252C1B4F000054FC13 /* Preview Assets.xcassets */,
			);
			path = "Preview Content";
			sourceTree = "<group>";
		};
		2D04CB2E2C1B4F000054FC13 /* Tip ProTests */ = {
			isa = PBXGroup;
			children = (
				2D04CB2F2C1B4F000054FC13 /* Tip_ProTests.swift */,
			);
			path = "Tip ProTests";
			sourceTree = "<group>";
		};
		2D04CB382C1B4F000054FC13 /* Tip ProUITests */ = {
			isa = PBXGroup;
			children = (
				2D04CB392C1B4F000054FC13 /* Tip_ProUITests.swift */,
				2D04CB3B2C1B4F000054FC13 /* Tip_ProUITestsLaunchTests.swift */,
			);
			path = "Tip ProUITests";
			sourceTree = "<group>";
		};
/* End PBXGroup section */

/* Begin PBXNativeTarget section */
		2D04CB1A2C1B4EFF0054FC13 /* Tip Pro */ = {
			isa = PBXNativeTarget;
			buildConfigurationList = 2D04CB3F2C1B4F000054FC13 /* Build configuration list for PBXNativeTarget "Tip Pro" */;
			buildPhases = (
				2D04CB172C1B4EFF0054FC13 /* Sources */,
				2D04CB182C1B4EFF0054FC13 /* Frameworks */,
				2D04CB192C1B4EFF0054FC13 /* Resources */,
			);
			buildRules = (
			);
			dependencies = (
			);
			name = "Tip Pro";
			productName = "Tip Pro";
			productReference = 2D04CB1B2C1B4EFF0054FC13 /* Tip Pro.app */;
			productType = "com.apple.product-type.application";
		};
		2D04CB2A2C1B4F000054FC13 /* Tip ProTests */ = {
			isa = PBXNativeTarget;
			buildConfigurationList = 2D04CB422C1B4F000054FC13 /* Build configuration list for PBXNativeTarget "Tip ProTests" */;
			buildPhases = (
				2D04CB272C1B4F000054FC13 /* Sources */,
				2D04CB282C1B4F000054FC13 /* Frameworks */,
				2D04CB292C1B4F000054FC13 /* Resources */,
			);
			buildRules = (
			);
			dependencies = (
				2D04CB2D2C1B4F000054FC13 /* PBXTargetDependency */,
			);
			name = "Tip ProTests";
			productName = "Tip ProTests";
			productReference = 2D04CB2B2C1B4F000054FC13 /* Tip ProTests.xctest */;
			productType = "com.apple.product-type.bundle.unit-test";
		};
		2D04CB342C1B4F000054FC13 /* Tip ProUITests */ = {
			isa = PBXNativeTarget;
			buildConfigurationList = 2D04CB452C1B4F000054FC13 /* Build configuration list for PBXNativeTarget "Tip ProUITests" */;
			buildPhases = (
				2D04CB312C1B4F000054FC13 /* Sources */,
				2D04CB322C1B4F000054FC13 /* Frameworks */,
				2D04CB332C1B4F000054FC13 /* Resources */,
			);
			buildRules = (
			);
			dependencies = (
				2D04CB372C1B4F000054FC13 /* PBXTargetDependency */,
			);
			name = "Tip ProUITests";
			productName = "Tip ProUITests";
			productReference = 2D04CB352C1B4F000054FC13 /* Tip ProUITests.xctest */;
			productType = "com.apple.product-type.bundle.ui-testing";
		};
/* End PBXNativeTarget section */

/* Begin PBXProject section */
		2D04CB132C1B4EFF0054FC13 /* Project object */ = {
			isa = PBXProject;
			attributes = {
				BuildIndependentTargetsInParallel = 1;
				LastSwiftUpdateCheck = 1540;
				LastUpgradeCheck = 1540;
				TargetAttributes = {
					2D04CB1A2C1B4EFF0054FC13 = {
						CreatedOnToolsVersion = 15.4;
					};
					2D04CB2A2C1B4F000054FC13 = {
						CreatedOnToolsVersion = 15.4;
						TestTargetID = 2D04CB1A2C1B4EFF0054FC13;
					};
					2D04CB342C1B4F000054FC13 = {
						CreatedOnToolsVersion = 15.4;
						TestTargetID = 2D04CB1A2C1B4EFF0054FC13;
					};
				};
			};
			buildConfigurationList = 2D04CB162C1B4EFF0054FC13 /* Build configuration list for PBXProject "Tip Pro" */;
			compatibilityVersion = "Xcode 15.3";
			developmentRegion = en;
			hasScannedForEncodings = 0;
			knownRegions = (
				en,
				Base,
			);
			mainGroup = 2D04CB122C1B4EFF0054FC13;
			productRefGroup = 2D04CB1C2C1B4EFF0054FC13 /* Products */;
			projectDirPath = "";
			projectRoot = "";
			targets = (
				2D04CB1A2C1B4EFF0054FC13 /* Tip Pro */,
				2D04CB2A2C1B4F000054FC13 /* Tip ProTests */,
				2D04CB342C1B4F000054FC13 /* Tip ProUITests */,
			);
		};
/* End PBXProject section */

/* Begin PBXResourcesBuildPhase section */
		2D04CB192C1B4EFF0054FC13 /* Resources */ = {
			isa = PBXResourcesBuildPhase;
			buildActionMask = 2147483647;
			files = (
				2D04CB4C2C1BA3E30054FC13 /* Privacy Policy.md in Resources */,
				2D04CB262C1B4F000054FC13 /* Preview Assets.xcassets in Resources */,
				2D04CB232C1B4F000054FC13 /* Assets.xcassets in Resources */,
			);
			runOnlyForDeploymentPostprocessing = 0;
		};
		2D04CB292C1B4F000054FC13 /* Resources */ = {
			isa = PBXResourcesBuildPhase;
			buildActionMask = 2147483647;
			files = (
			);
			runOnlyForDeploymentPostprocessing = 0;
		};
		2D04CB332C1B4F000054FC13 /* Resources */ = {
			isa = PBXResourcesBuildPhase;
			buildActionMask = 2147483647;
			files = (
			);
			runOnlyForDeploymentPostprocessing = 0;
		};
/* End PBXResourcesBuildPhase section */

/* Begin PBXSourcesBuildPhase section */
		2D04CB172C1B4EFF0054FC13 /* Sources */ = {
			isa = PBXSourcesBuildPhase;
			buildActionMask = 2147483647;
			files = (
				2D04CB212C1B4EFF0054FC13 /* ContentView.swift in Sources */,
				2D04CB492C1B508C0054FC13 /* Calculation.swift in Sources */,
				2D04CB1F2C1B4EFF0054FC13 /* Tip_ProApp.swift in Sources */,
			);
			runOnlyForDeploymentPostprocessing = 0;
		};
		2D04CB272C1B4F000054FC13 /* Sources */ = {
			isa = PBXSourcesBuildPhase;
			buildActionMask = 2147483647;
			files = (
				2D04CB302C1B4F000054FC13 /* Tip_ProTests.swift in Sources */,
			);
			runOnlyForDeploymentPostprocessing = 0;
		};
		2D04CB312C1B4F000054FC13 /* Sources */ = {
			isa = PBXSourcesBuildPhase;
			buildActionMask = 2147483647;
			files = (
				2D04CB3C2C1B4F000054FC13 /* Tip_ProUITestsLaunchTests.swift in Sources */,
				2D04CB3A2C1B4F000054FC13 /* Tip_ProUITests.swift in Sources */,
			);
			runOnlyForDeploymentPostprocessing = 0;
		};
/* End PBXSourcesBuildPhase section */

/* Begin PBXTargetDependency section */
		2D04CB2D2C1B4F000054FC13 /* PBXTargetDependency */ = {
			isa = PBXTargetDependency;
			target = 2D04CB1A2C1B4EFF0054FC13 /* Tip Pro */;
			targetProxy = 2D04CB2C2C1B4F000054FC13 /* PBXContainerItemProxy */;
		};
		2D04CB372C1B4F000054FC13 /* PBXTargetDependency */ = {
			isa = PBXTargetDependency;
			target = 2D04CB1A2C1B4EFF0054FC13 /* Tip Pro */;
			targetProxy = 2D04CB362C1B4F000054FC13 /* PBXContainerItemProxy */;
		};
/* End PBXTargetDependency section */

/* Begin XCBuildConfiguration section */
		2D04CB3D2C1B4F000054FC13 /* Debug */ = {
			isa = XCBuildConfiguration;
			buildSettings = {
				ALWAYS_SEARCH_USER_PATHS = NO;
				ASSETCATALOG_COMPILER_GENERATE_SWIFT_ASSET_SYMBOL_EXTENSIONS = YES;
				CLANG_ANALYZER_NONNULL = YES;
				CLANG_ANALYZER_NUMBER_OBJECT_CONVERSION = YES_AGGRESSIVE;
				CLANG_CXX_LANGUAGE_STANDARD = "gnu++20";
				CLANG_ENABLE_MODULES = YES;
				CLANG_ENABLE_OBJC_ARC = YES;
				CLANG_ENABLE_OBJC_WEAK = YES;
				CLANG_WARN_BLOCK_CAPTURE_AUTORELEASING = YES;
				CLANG_WARN_BOOL_CONVERSION = YES;
				CLANG_WARN_COMMA = YES;
				CLANG_WARN_CONSTANT_CONVERSION = YES;
				CLANG_WARN_DEPRECATED_OBJC_IMPLEMENTATIONS = YES;
				CLANG_WARN_DIRECT_OBJC_ISA_USAGE = YES_ERROR;
				CLANG_WARN_DOCUMENTATION_COMMENTS = YES;
				CLANG_WARN_EMPTY_BODY = YES;
				CLANG_WARN_ENUM_CONVERSION = YES;
				CLANG_WARN_INFINITE_RECURSION = YES;
				CLANG_WARN_INT_CONVERSION = YES;
				CLANG_WARN_NON_LITERAL_NULL_CONVERSION = YES;
				CLANG_WARN_OBJC_IMPLICIT_RETAIN_SELF = YES;
				CLANG_WARN_OBJC_LITERAL_CONVERSION = YES;
				CLANG_WARN_OBJC_ROOT_CLASS = YES_ERROR;
				CLANG_WARN_QUOTED_INCLUDE_IN_FRAMEWORK_HEADER = YES;
				CLANG_WARN_RANGE_LOOP_ANALYSIS = YES;
				CLANG_WARN_STRICT_PROTOTYPES = YES;
				CLANG_WARN_SUSPICIOUS_MOVE = YES;
				CLANG_WARN_UNGUARDED_AVAILABILITY = YES_AGGRESSIVE;
				CLANG_WARN_UNREACHABLE_CODE = YES;
				CLANG_WARN__DUPLICATE_METHOD_MATCH = YES;
				COPY_PHASE_STRIP = NO;
				DEBUG_INFORMATION_FORMAT = dwarf;
				ENABLE_STRICT_OBJC_MSGSEND = YES;
				ENABLE_TESTABILITY = YES;
				ENABLE_USER_SCRIPT_SANDBOXING = YES;
				GCC_C_LANGUAGE_STANDARD = gnu17;
				GCC_DYNAMIC_NO_PIC = NO;
				GCC_NO_COMMON_BLOCKS = YES;
				GCC_OPTIMIZATION_LEVEL = 0;
				GCC_PREPROCESSOR_DEFINITIONS = (
					"DEBUG=1",
					"$(inherited)",
				);
				GCC_WARN_64_TO_32_BIT_CONVERSION = YES;
				GCC_WARN_ABOUT_RETURN_TYPE = YES_ERROR;
				GCC_WARN_UNDECLARED_SELECTOR = YES;
				GCC_WARN_UNINITIALIZED_AUTOS = YES_AGGRESSIVE;
				GCC_WARN_UNUSED_FUNCTION = YES;
				GCC_WARN_UNUSED_VARIABLE = YES;
				IPHONEOS_DEPLOYMENT_TARGET = 17.5;
				LOCALIZATION_PREFERS_STRING_CATALOGS = YES;
				MTL_ENABLE_DEBUG_INFO = INCLUDE_SOURCE;
				MTL_FAST_MATH = YES;
				ONLY_ACTIVE_ARCH = YES;
				SDKROOT = iphoneos;
				SWIFT_ACTIVE_COMPILATION_CONDITIONS = "DEBUG $(inherited)";
				SWIFT_OPTIMIZATION_LEVEL = "-Onone";
			};
			name = Debug;
		};
		2D04CB3E2C1B4F000054FC13 /* Release */ = {
			isa = XCBuildConfiguration;
			buildSettings = {
				ALWAYS_SEARCH_USER_PATHS = NO;
				ASSETCATALOG_COMPILER_GENERATE_SWIFT_ASSET_SYMBOL_EXTENSIONS = YES;
				CLANG_ANALYZER_NONNULL = YES;
				CLANG_ANALYZER_NUMBER_OBJECT_CONVERSION = YES_AGGRESSIVE;
				CLANG_CXX_LANGUAGE_STANDARD = "gnu++20";
				CLANG_ENABLE_MODULES = YES;
				CLANG_ENABLE_OBJC_ARC = YES;
				CLANG_ENABLE_OBJC_WEAK = YES;
				CLANG_WARN_BLOCK_CAPTURE_AUTORELEASING = YES;
				CLANG_WARN_BOOL_CONVERSION = YES;
				CLANG_WARN_COMMA = YES;
				CLANG_WARN_CONSTANT_CONVERSION = YES;
				CLANG_WARN_DEPRECATED_OBJC_IMPLEMENTATIONS = YES;
				CLANG_WARN_DIRECT_OBJC_ISA_USAGE = YES_ERROR;
				CLANG_WARN_DOCUMENTATION_COMMENTS = YES;
				CLANG_WARN_EMPTY_BODY = YES;
				CLANG_WARN_ENUM_CONVERSION = YES;
				CLANG_WARN_INFINITE_RECURSION = YES;
				CLANG_WARN_INT_CONVERSION = YES;
				CLANG_WARN_NON_LITERAL_NULL_CONVERSION = YES;
				CLANG_WARN_OBJC_IMPLICIT_RETAIN_SELF = YES;
				CLANG_WARN_OBJC_LITERAL_CONVERSION = YES;
				CLANG_WARN_OBJC_ROOT_CLASS = YES_ERROR;
				CLANG_WARN_QUOTED_INCLUDE_IN_FRAMEWORK_HEADER = YES;
				CLANG_WARN_RANGE_LOOP_ANALYSIS = YES;
				CLANG_WARN_STRICT_PROTOTYPES = YES;
				CLANG_WARN_SUSPICIOUS_MOVE = YES;
				CLANG_WARN_UNGUARDED_AVAILABILITY = YES_AGGRESSIVE;
				CLANG_WARN_UNREACHABLE_CODE = YES;
				CLANG_WARN__DUPLICATE_METHOD_MATCH = YES;
				COPY_PHASE_STRIP = NO;
				DEBUG_INFORMATION_FORMAT = "dwarf-with-dsym";
				ENABLE_NS_ASSERTIONS = NO;
				ENABLE_STRICT_OBJC_MSGSEND = YES;
				ENABLE_USER_SCRIPT_SANDBOXING = YES;
				GCC_C_LANGUAGE_STANDARD = gnu17;
				GCC_NO_COMMON_BLOCKS = YES;
				GCC_WARN_64_TO_32_BIT_CONVERSION = YES;
				GCC_WARN_ABOUT_RETURN_TYPE = YES_ERROR;
				GCC_WARN_UNDECLARED_SELECTOR = YES;
				GCC_WARN_UNINITIALIZED_AUTOS = YES_AGGRESSIVE;
				GCC_WARN_UNUSED_FUNCTION = YES;
				GCC_WARN_UNUSED_VARIABLE = YES;
				IPHONEOS_DEPLOYMENT_TARGET = 17.5;
				LOCALIZATION_PREFERS_STRING_CATALOGS = YES;
				MTL_ENABLE_DEBUG_INFO = NO;
				MTL_FAST_MATH = YES;
				SDKROOT = iphoneos;
				SWIFT_COMPILATION_MODE = wholemodule;
				VALIDATE_PRODUCT = YES;
			};
			name = Release;
		};
		2D04CB402C1B4F000054FC13 /* Debug */ = {
			isa = XCBuildConfiguration;
			buildSettings = {
				ASSETCATALOG_COMPILER_APPICON_NAME = AppIcon;
				ASSETCATALOG_COMPILER_GLOBAL_ACCENT_COLOR_NAME = AccentColor;
				CODE_SIGN_STYLE = Automatic;
				CURRENT_PROJECT_VERSION = 1;
				DEVELOPMENT_ASSET_PATHS = "\"Tip Pro/Preview Content\"";
				DEVELOPMENT_TEAM = JVG9YGW59X;
				ENABLE_PREVIEWS = YES;
				GENERATE_INFOPLIST_FILE = YES;
				INFOPLIST_KEY_LSApplicationCategoryType = "public.app-category.utilities";
				INFOPLIST_KEY_UIApplicationSceneManifest_Generation = YES;
				INFOPLIST_KEY_UIApplicationSupportsIndirectInputEvents = YES;
				INFOPLIST_KEY_UILaunchScreen_Generation = YES;
				INFOPLIST_KEY_UISupportedInterfaceOrientations = UIInterfaceOrientationPortrait;
				LD_RUNPATH_SEARCH_PATHS = (
					"$(inherited)",
					"@executable_path/Frameworks",
				);
				MARKETING_VERSION = 1.0;
				PRODUCT_BUNDLE_IDENTIFIER = "com.mathphysic.Tip-Pro";
				PRODUCT_NAME = "$(TARGET_NAME)";
				SUPPORTED_PLATFORMS = "iphoneos iphonesimulator";
				SUPPORTS_MACCATALYST = NO;
				SWIFT_EMIT_LOC_STRINGS = YES;
				SWIFT_VERSION = 5.0;
				TARGETED_DEVICE_FAMILY = 1;
			};
			name = Debug;
		};
		2D04CB412C1B4F000054FC13 /* Release */ = {
			isa = XCBuildConfiguration;
			buildSettings = {
				ASSETCATALOG_COMPILER_APPICON_NAME = AppIcon;
				ASSETCATALOG_COMPILER_GLOBAL_ACCENT_COLOR_NAME = AccentColor;
				CODE_SIGN_STYLE = Automatic;
				CURRENT_PROJECT_VERSION = 1;
				DEVELOPMENT_ASSET_PATHS = "\"Tip Pro/Preview Content\"";
				DEVELOPMENT_TEAM = JVG9YGW59X;
				ENABLE_PREVIEWS = YES;
				GENERATE_INFOPLIST_FILE = YES;
				INFOPLIST_KEY_LSApplicationCategoryType = "public.app-category.utilities";
				INFOPLIST_KEY_UIApplicationSceneManifest_Generation = YES;
				INFOPLIST_KEY_UIApplicationSupportsIndirectInputEvents = YES;
				INFOPLIST_KEY_UILaunchScreen_Generation = YES;
				INFOPLIST_KEY_UISupportedInterfaceOrientations = UIInterfaceOrientationPortrait;
				LD_RUNPATH_SEARCH_PATHS = (
					"$(inherited)",
					"@executable_path/Frameworks",
				);
				MARKETING_VERSION = 1.0;
				PRODUCT_BUNDLE_IDENTIFIER = "com.mathphysic.Tip-Pro";
				PRODUCT_NAME = "$(TARGET_NAME)";
				SUPPORTED_PLATFORMS = "iphoneos iphonesimulator";
				SUPPORTS_MACCATALYST = NO;
				SWIFT_EMIT_LOC_STRINGS = YES;
				SWIFT_VERSION = 5.0;
				TARGETED_DEVICE_FAMILY = 1;
			};
			name = Release;
		};
		2D04CB432C1B4F000054FC13 /* Debug */ = {
			isa = XCBuildConfiguration;
			buildSettings = {
				ALWAYS_EMBED_SWIFT_STANDARD_LIBRARIES = YES;
				BUNDLE_LOADER = "$(TEST_HOST)";
				CODE_SIGN_STYLE = Automatic;
				CURRENT_PROJECT_VERSION = 1;
				DEVELOPMENT_TEAM = JVG9YGW59X;
				GENERATE_INFOPLIST_FILE = YES;
				IPHONEOS_DEPLOYMENT_TARGET = 17.5;
				MARKETING_VERSION = 1.0;
				PRODUCT_BUNDLE_IDENTIFIER = "com.mathphysic.Tip-ProTests";
				PRODUCT_NAME = "$(TARGET_NAME)";
				SWIFT_EMIT_LOC_STRINGS = NO;
				SWIFT_VERSION = 5.0;
				TARGETED_DEVICE_FAMILY = "1,2";
				TEST_HOST = "$(BUILT_PRODUCTS_DIR)/Tip Pro.app/$(BUNDLE_EXECUTABLE_FOLDER_PATH)/Tip Pro";
			};
			name = Debug;
		};
		2D04CB442C1B4F000054FC13 /* Release */ = {
			isa = XCBuildConfiguration;
			buildSettings = {
				ALWAYS_EMBED_SWIFT_STANDARD_LIBRARIES = YES;
				BUNDLE_LOADER = "$(TEST_HOST)";
				CODE_SIGN_STYLE = Automatic;
				CURRENT_PROJECT_VERSION = 1;
				DEVELOPMENT_TEAM = JVG9YGW59X;
				GENERATE_INFOPLIST_FILE = YES;
				IPHONEOS_DEPLOYMENT_TARGET = 17.5;
				MARKETING_VERSION = 1.0;
				PRODUCT_BUNDLE_IDENTIFIER = "com.mathphysic.Tip-ProTests";
				PRODUCT_NAME = "$(TARGET_NAME)";
				SWIFT_EMIT_LOC_STRINGS = NO;
				SWIFT_VERSION = 5.0;
				TARGETED_DEVICE_FAMILY = "1,2";
				TEST_HOST = "$(BUILT_PRODUCTS_DIR)/Tip Pro.app/$(BUNDLE_EXECUTABLE_FOLDER_PATH)/Tip Pro";
			};
			name = Release;
		};
		2D04CB462C1B4F000054FC13 /* Debug */ = {
			isa = XCBuildConfiguration;
			buildSettings = {
				ALWAYS_EMBED_SWIFT_STANDARD_LIBRARIES = YES;
				CODE_SIGN_STYLE = Automatic;
				CURRENT_PROJECT_VERSION = 1;
				DEVELOPMENT_TEAM = JVG9YGW59X;
				GENERATE_INFOPLIST_FILE = YES;
				MARKETING_VERSION = 1.0;
				PRODUCT_BUNDLE_IDENTIFIER = "com.mathphysic.Tip-ProUITests";
				PRODUCT_NAME = "$(TARGET_NAME)";
				SWIFT_EMIT_LOC_STRINGS = NO;
				SWIFT_VERSION = 5.0;
				TARGETED_DEVICE_FAMILY = "1,2";
				TEST_TARGET_NAME = "Tip Pro";
			};
			name = Debug;
		};
		2D04CB472C1B4F000054FC13 /* Release */ = {
			isa = XCBuildConfiguration;
			buildSettings = {
				ALWAYS_EMBED_SWIFT_STANDARD_LIBRARIES = YES;
				CODE_SIGN_STYLE = Automatic;
				CURRENT_PROJECT_VERSION = 1;
				DEVELOPMENT_TEAM = JVG9YGW59X;
				GENERATE_INFOPLIST_FILE = YES;
				MARKETING_VERSION = 1.0;
				PRODUCT_BUNDLE_IDENTIFIER = "com.mathphysic.Tip-ProUITests";
				PRODUCT_NAME = "$(TARGET_NAME)";
				SWIFT_EMIT_LOC_STRINGS = NO;
				SWIFT_VERSION = 5.0;
				TARGETED_DEVICE_FAMILY = "1,2";
				TEST_TARGET_NAME = "Tip Pro";
			};
			name = Release;
		};
/* End XCBuildConfiguration section */

/* Begin XCConfigurationList section */
		2D04CB162C1B4EFF0054FC13 /* Build configuration list for PBXProject "Tip Pro" */ = {
			isa = XCConfigurationList;
			buildConfigurations = (
				2D04CB3D2C1B4F000054FC13 /* Debug */,
				2D04CB3E2C1B4F000054FC13 /* Release */,
			);
			defaultConfigurationIsVisible = 0;
			defaultConfigurationName = Release;
		};
		2D04CB3F2C1B4F000054FC13 /* Build configuration list for PBXNativeTarget "Tip Pro" */ = {
			isa = XCConfigurationList;
			buildConfigurations = (
				2D04CB402C1B4F000054FC13 /* Debug */,
				2D04CB412C1B4F000054FC13 /* Release */,
			);
			defaultConfigurationIsVisible = 0;
			defaultConfigurationName = Release;
		};
		2D04CB422C1B4F000054FC13 /* Build configuration list for PBXNativeTarget "Tip ProTests" */ = {
			isa = XCConfigurationList;
			buildConfigurations = (
				2D04CB432C1B4F000054FC13 /* Debug */,
				2D04CB442C1B4F000054FC13 /* Release */,
			);
			defaultConfigurationIsVisible = 0;
			defaultConfigurationName = Release;
		};
		2D04CB452C1B4F000054FC13 /* Build configuration list for PBXNativeTarget "Tip ProUITests" */ = {
			isa = XCConfigurationList;
			buildConfigurations = (
				2D04CB462C1B4F000054FC13 /* Debug */,
				2D04CB472C1B4F000054FC13 /* Release */,
			);
			defaultConfigurationIsVisible = 0;
			defaultConfigurationName = Release;
		};
/* End XCConfigurationList section */
	};
	rootObject = 2D04CB132C1B4EFF0054FC13 /* Project object */;
}
